PODS:
  - Alamofire (5.6.4)
  - Kingfisher (7.6.2)
  - lottie-ios (4.1.3)
  - PanModal (1.2.7)

DEPENDENCIES:
  - Alamofire
  - Kingfisher (~> 7.0)
  - lottie-ios
  - PanModal

SPEC REPOS:
  trunk:
    - Alamofire
    - Kingfisher
    - lottie-ios
    - PanModal

SPEC CHECKSUMS:
  Alamofire: 4e95d97098eacb88856099c4fc79b526a299e48c
  Kingfisher: 6c5449c6450c5239166510ba04afe374a98afc4f
  lottie-ios: d0954d3150061f662ed0adf96ef98d7421864c47
  PanModal: 3e16ead1a907fb06f4df3f13492fd00149fa4974

PODFILE CHECKSUM: 67fa8f795008cbb8465d8982ff953bc87824a887

COCOAPODS: 1.11.3
